// !$*UTF8*$!
{
	archiveVersion = 1;
	classes = {
	};
	objectVersion = 50;
	objects = {

/* Begin PBXBuildFile section */
		EF91938C2086AD910005B8D4 /* RingBuffer.cpp in Sources */ = {isa = PBXBuildFile; fileRef = EF91938A2086AD910005B8D4 /* RingBuffer.cpp */; };
		EFC5A6D320B1E752003977D4 /* main.cpp in Sources */ = {isa = PBXBuildFile; fileRef = EFC5A6D220B1E752003977D4 /* main.cpp */; };
/* End PBXBuildFile section */

/* Begin PBXCopyFilesBuildPhase section */
		EF91937E208698CC0005B8D4 /* CopyFiles */ = {
			isa = PBXCopyFilesBuildPhase;
			buildActionMask = 2147483647;
			dstPath = /usr/share/man/man1/;
			dstSubfolderSpec = 0;
			files = (
			);
			runOnlyForDeploymentPostprocessing = 1;
		};
/* End PBXCopyFilesBuildPhase section */

/* Begin PBXFileReference section */
		EF919380208698CC0005B8D4 /* threading_examples */ = {isa = PBXFileReference; explicitFileType = "compiled.mach-o.executable"; includeInIndex = 0; path = threading_examples; sourceTree = BUILT_PRODUCTS_DIR; };
		EF91938A2086AD910005B8D4 /* RingBuffer.cpp */ = {isa = PBXFileReference; lastKnownFileType = sourcecode.cpp.cpp; path = RingBuffer.cpp; sourceTree = "<group>"; };
		EF91938B2086AD910005B8D4 /* RingBuffer.hpp */ = {isa = PBXFileReference; lastKnownFileType = sourcecode.cpp.h; path = RingBuffer.hpp; sourceTree = "<group>"; };
		EFC5A6CC20B1DFCC003977D4 /* thread_stack.hpp */ = {isa = PBXFileReference; lastKnownFileType = sourcecode.cpp.h; path = thread_stack.hpp; sourceTree = "<group>"; };
		EFC5A6D120B1E6E7003977D4 /* cond_queue.h */ = {isa = PBXFileReference; lastKnownFileType = sourcecode.c.h; path = cond_queue.h; sourceTree = "<group>"; };
		EFC5A6D220B1E752003977D4 /* main.cpp */ = {isa = PBXFileReference; lastKnownFileType = sourcecode.cpp.cpp; path = main.cpp; sourceTree = "<group>"; };
		EFC5A6D420B1E822003977D4 /* resources.h */ = {isa = PBXFileReference; lastKnownFileType = sourcecode.c.h; path = resources.h; sourceTree = "<group>"; };
/* End PBXFileReference section */

/* Begin PBXFrameworksBuildPhase section */
		EF91937D208698CC0005B8D4 /* Frameworks */ = {
			isa = PBXFrameworksBuildPhase;
			buildActionMask = 2147483647;
			files = (
			);
			runOnlyForDeploymentPostprocessing = 0;
		};
/* End PBXFrameworksBuildPhase section */

/* Begin PBXGroup section */
		EF919377208698CC0005B8D4 = {
			isa = PBXGroup;
			children = (
				EF919382208698CC0005B8D4 /* threading_examples */,
				EF919381208698CC0005B8D4 /* Products */,
			);
			sourceTree = "<group>";
		};
		EF919381208698CC0005B8D4 /* Products */ = {
			isa = PBXGroup;
			children = (
				EF919380208698CC0005B8D4 /* threading_examples */,
			);
			name = Products;
			sourceTree = "<group>";
		};
		EF919382208698CC0005B8D4 /* threading_examples */ = {
			isa = PBXGroup;
			children = (
				EFC5A6D020B1E6D2003977D4 /* example3 */,
				EFC5A6CA20B1DF9C003977D4 /* example2 */,
				EFC5A6C920B1DF84003977D4 /* example1 */,
				EFC5A6D220B1E752003977D4 /* main.cpp */,
				EFC5A6D420B1E822003977D4 /* resources.h */,
			);
			path = threading_examples;
			sourceTree = "<group>";
		};
		EFC5A6C920B1DF84003977D4 /* example1 */ = {
			isa = PBXGroup;
			children = (
				EF91938A2086AD910005B8D4 /* RingBuffer.cpp */,
				EF91938B2086AD910005B8D4 /* RingBuffer.hpp */,
			);
			path = example1;
			sourceTree = "<group>";
		};
		EFC5A6CA20B1DF9C003977D4 /* example2 */ = {
			isa = PBXGroup;
			children = (
				EFC5A6CC20B1DFCC003977D4 /* thread_stack.hpp */,
			);
			path = example2;
			sourceTree = "<group>";
		};
		EFC5A6D020B1E6D2003977D4 /* example3 */ = {
			isa = PBXGroup;
			children = (
				EFC5A6D120B1E6E7003977D4 /* cond_queue.h */,
			);
			path = example3;
			sourceTree = "<group>";
		};
/* End PBXGroup section */

/* Begin PBXNativeTarget section */
		EF91937F208698CC0005B8D4 /* threading_examples */ = {
			isa = PBXNativeTarget;
			buildConfigurationList = EF919387208698CC0005B8D4 /* Build configuration list for PBXNativeTarget "threading_examples" */;
			buildPhases = (
				EF91937C208698CC0005B8D4 /* Sources */,
				EF91937D208698CC0005B8D4 /* Frameworks */,
				EF91937E208698CC0005B8D4 /* CopyFiles */,
			);
			buildRules = (
			);
			dependencies = (
			);
			name = threading_examples;
			productName = threading_examples;
			productReference = EF919380208698CC0005B8D4 /* threading_examples */;
			productType = "com.apple.product-type.tool";
		};
/* End PBXNativeTarget section */

/* Begin PBXProject section */
		EF919378208698CC0005B8D4 /* Project object */ = {
			isa = PBXProject;
			attributes = {
				LastUpgradeCheck = 0930;
				ORGANIZATIONNAME = "Jack Campbell";
				TargetAttributes = {
					EF91937F208698CC0005B8D4 = {
						CreatedOnToolsVersion = 9.3;
					};
				};
			};
			buildConfigurationList = EF91937B208698CC0005B8D4 /* Build configuration list for PBXProject "threading_examples" */;
			compatibilityVersion = "Xcode 9.3";
			developmentRegion = en;
			hasScannedForEncodings = 0;
			knownRegions = (
				en,
			);
			mainGroup = EF919377208698CC0005B8D4;
			productRefGroup = EF919381208698CC0005B8D4 /* Products */;
			projectDirPath = "";
			projectRoot = "";
			targets = (
				EF91937F208698CC0005B8D4 /* threading_examples */,
			);
		};
/* End PBXProject section */

/* Begin PBXSourcesBuildPhase section */
		EF91937C208698CC0005B8D4 /* Sources */ = {
			isa = PBXSourcesBuildPhase;
			buildActionMask = 2147483647;
			files = (
				EFC5A6D320B1E752003977D4 /* main.cpp in Sources */,
				EF91938C2086AD910005B8D4 /* RingBuffer.cpp in Sources */,
			);
			runOnlyForDeploymentPostprocessing = 0;
		};
/* End PBXSourcesBuildPhase section */

/* Begin XCBuildConfiguration section */
		EF919385208698CC0005B8D4 /* Debug */ = {
			isa = XCBuildConfiguration;
			buildSettings = {
				ALWAYS_SEARCH_USER_PATHS = NO;
				CLANG_ANALYZER_NONNULL = YES;
				CLANG_ANALYZER_NUMBER_OBJECT_CONVERSION = YES_AGGRESSIVE;
				CLANG_CXX_LANGUAGE_STANDARD = "gnu++14";
				CLANG_CXX_LIBRARY = "libc++";
				CLANG_ENABLE_MODULES = YES;
				CLANG_ENABLE_OBJC_ARC = YES;
				CLANG_ENABLE_OBJC_WEAK = YES;
				CLANG_WARN_BLOCK_CAPTURE_AUTORELEASING = YES;
				CLANG_WARN_BOOL_CONVERSION = YES;
				CLANG_WARN_COMMA = YES;
				CLANG_WARN_CONSTANT_CONVERSION = YES;
				CLANG_WARN_DEPRECATED_OBJC_IMPLEMENTATIONS = YES;
				CLANG_WARN_DIRECT_OBJC_ISA_USAGE = YES_ERROR;
				CLANG_WARN_DOCUMENTATION_COMMENTS = YES;
				CLANG_WARN_EMPTY_BODY = YES;
				CLANG_WARN_ENUM_CONVERSION = YES;
				CLANG_WARN_INFINITE_RECURSION = YES;
				CLANG_WARN_INT_CONVERSION = YES;
				CLANG_WARN_NON_LITERAL_NULL_CONVERSION = YES;
				CLANG_WARN_OBJC_IMPLICIT_RETAIN_SELF = YES;
				CLANG_WARN_OBJC_LITERAL_CONVERSION = YES;
				CLANG_WARN_OBJC_ROOT_CLASS = YES_ERROR;
				CLANG_WARN_RANGE_LOOP_ANALYSIS = YES;
				CLANG_WARN_STRICT_PROTOTYPES = YES;
				CLANG_WARN_SUSPICIOUS_MOVE = YES;
				CLANG_WARN_UNGUARDED_AVAILABILITY = YES_AGGRESSIVE;
				CLANG_WARN_UNREACHABLE_CODE = YES;
				CLANG_WARN__DUPLICATE_METHOD_MATCH = YES;
				CODE_SIGN_IDENTITY = "-";
				COPY_PHASE_STRIP = NO;
				DEBUG_INFORMATION_FORMAT = dwarf;
				ENABLE_STRICT_OBJC_MSGSEND = YES;
				ENABLE_TESTABILITY = YES;
				GCC_C_LANGUAGE_STANDARD = gnu11;
				GCC_DYNAMIC_NO_PIC = NO;
				GCC_NO_COMMON_BLOCKS = YES;
				GCC_OPTIMIZATION_LEVEL = 0;
				GCC_PREPROCESSOR_DEFINITIONS = (
					"DEBUG=1",
					"$(inherited)",
				);
				GCC_WARN_64_TO_32_BIT_CONVERSION = YES;
				GCC_WARN_ABOUT_RETURN_TYPE = YES_ERROR;
				GCC_WARN_UNDECLARED_SELECTOR = YES;
				GCC_WARN_UNINITIALIZED_AUTOS = YES_AGGRESSIVE;
				GCC_WARN_UNUSED_FUNCTION = YES;
				GCC_WARN_UNUSED_VARIABLE = YES;
				MACOSX_DEPLOYMENT_TARGET = 10.13;
				MTL_ENABLE_DEBUG_INFO = YES;
				ONLY_ACTIVE_ARCH = YES;
				SDKROOT = macosx;
			};
			name = Debug;
		};
		EF919386208698CC0005B8D4 /* Release */ = {
			isa = XCBuildConfiguration;
			buildSettings = {
				ALWAYS_SEARCH_USER_PATHS = NO;
				CLANG_ANALYZER_NONNULL = YES;
				CLANG_ANALYZER_NUMBER_OBJECT_CONVERSION = YES_AGGRESSIVE;
				CLANG_CXX_LANGUAGE_STANDARD = "gnu++14";
				CLANG_CXX_LIBRARY = "libc++";
				CLANG_ENABLE_MODULES = YES;
				CLANG_ENABLE_OBJC_ARC = YES;
				CLANG_ENABLE_OBJC_WEAK = YES;
				CLANG_WARN_BLOCK_CAPTURE_AUTORELEASING = YES;
				CLANG_WARN_BOOL_CONVERSION = YES;
				CLANG_WARN_COMMA = YES;
				CLANG_WARN_CONSTANT_CONVERSION = YES;
				CLANG_WARN_DEPRECATED_OBJC_IMPLEMENTATIONS = YES;
				CLANG_WARN_DIRECT_OBJC_ISA_USAGE = YES_ERROR;
				CLANG_WARN_DOCUMENTATION_COMMENTS = YES;
				CLANG_WARN_EMPTY_BODY = YES;
				CLANG_WARN_ENUM_CONVERSION = YES;
				CLANG_WARN_INFINITE_RECURSION = YES;
				CLANG_WARN_INT_CONVERSION = YES;
				CLANG_WARN_NON_LITERAL_NULL_CONVERSION = YES;
				CLANG_WARN_OBJC_IMPLICIT_RETAIN_SELF = YES;
				CLANG_WARN_OBJC_LITERAL_CONVERSION = YES;
				CLANG_WARN_OBJC_ROOT_CLASS = YES_ERROR;
				CLANG_WARN_RANGE_LOOP_ANALYSIS = YES;
				CLANG_WARN_STRICT_PROTOTYPES = YES;
				CLANG_WARN_SUSPICIOUS_MOVE = YES;
				CLANG_WARN_UNGUARDED_AVAILABILITY = YES_AGGRESSIVE;
				CLANG_WARN_UNREACHABLE_CODE = YES;
				CLANG_WARN__DUPLICATE_METHOD_MATCH = YES;
				CODE_SIGN_IDENTITY = "-";
				COPY_PHASE_STRIP = NO;
				DEBUG_INFORMATION_FORMAT = "dwarf-with-dsym";
				ENABLE_NS_ASSERTIONS = NO;
				ENABLE_STRICT_OBJC_MSGSEND = YES;
				GCC_C_LANGUAGE_STANDARD = gnu11;
				GCC_NO_COMMON_BLOCKS = YES;
				GCC_WARN_64_TO_32_BIT_CONVERSION = YES;
				GCC_WARN_ABOUT_RETURN_TYPE = YES_ERROR;
				GCC_WARN_UNDECLARED_SELECTOR = YES;
				GCC_WARN_UNINITIALIZED_AUTOS = YES_AGGRESSIVE;
				GCC_WARN_UNUSED_FUNCTION = YES;
				GCC_WARN_UNUSED_VARIABLE = YES;
				MACOSX_DEPLOYMENT_TARGET = 10.13;
				MTL_ENABLE_DEBUG_INFO = NO;
				SDKROOT = macosx;
			};
			name = Release;
		};
		EF919388208698CC0005B8D4 /* Debug */ = {
			isa = XCBuildConfiguration;
			buildSettings = {
				ALWAYS_SEARCH_USER_PATHS = YES;
				CODE_SIGN_STYLE = Automatic;
				HEADER_SEARCH_PATHS = (
					/Users/jcampbell/git/tree/packages/sdk/boost/boost_1_64_0,
					/Users/jcampbell/git/tree/packages/sdk/boost/boost_1_64_0/boost,
				);
				LIBRARY_SEARCH_PATHS = /Users/jcampbell/git/tree/packages/sdk/boost/boost_1_64_0/stage/lib;
				PRODUCT_NAME = "$(TARGET_NAME)";
				USER_HEADER_SEARCH_PATHS = /Users/jcampbell/git/tree/packages/sdk/boost/boost_1_64_0;
			};
			name = Debug;
		};
		EF919389208698CC0005B8D4 /* Release */ = {
			isa = XCBuildConfiguration;
			buildSettings = {
				ALWAYS_SEARCH_USER_PATHS = YES;
				CODE_SIGN_STYLE = Automatic;
				HEADER_SEARCH_PATHS = (
					/Users/jcampbell/git/tree/packages/sdk/boost/boost_1_64_0,
					/Users/jcampbell/git/tree/packages/sdk/boost/boost_1_64_0/boost,
				);
				LIBRARY_SEARCH_PATHS = /Users/jcampbell/git/tree/packages/sdk/boost/boost_1_64_0/stage/lib;
				PRODUCT_NAME = "$(TARGET_NAME)";
				USER_HEADER_SEARCH_PATHS = /Users/jcampbell/git/tree/packages/sdk/boost/boost_1_64_0;
			};
			name = Release;
		};
/* End XCBuildConfiguration section */

/* Begin XCConfigurationList section */
		EF91937B208698CC0005B8D4 /* Build configuration list for PBXProject "threading_examples" */ = {
			isa = XCConfigurationList;
			buildConfigurations = (
				EF919385208698CC0005B8D4 /* Debug */,
				EF919386208698CC0005B8D4 /* Release */,
			);
			defaultConfigurationIsVisible = 0;
			defaultConfigurationName = Release;
		};
		EF919387208698CC0005B8D4 /* Build configuration list for PBXNativeTarget "threading_examples" */ = {
			isa = XCConfigurationList;
			buildConfigurations = (
				EF919388208698CC0005B8D4 /* Debug */,
				EF919389208698CC0005B8D4 /* Release */,
			);
			defaultConfigurationIsVisible = 0;
			defaultConfigurationName = Release;
		};
/* End XCConfigurationList section */
	};
	rootObject = EF919378208698CC0005B8D4 /* Project object */;
}
